
Microsoft Visual Studio Solution File, Format Version 12.00
# Visual Studio Version 17
VisualStudioVersion = 17.6.33723.286
MinimumVisualStudioVersion = 10.0.40219.1
Project("{FAE04EC0-301F-11D3-BF4B-00C04F79EFBC}") = "ClientBuilder", "ClientBuilder.csproj", "{9432B271-B78E-4A1B-879B-94C227268335}"
EndProject
Global
	GlobalSection(SolutionConfigurationPlatforms) = preSolution
		Debug|Any CPU = Debug|Any CPU
		Release|Any CPU = Release|Any CPU
	EndGlobalSection
	GlobalSection(ProjectConfigurationPlatforms) = postSolution
		{9432B271-B78E-4A1B-879B-94C227268335}.Debug|Any CPU.ActiveCfg = Debug|Any CPU
		{9432B271-B78E-4A1B-879B-94C227268335}.Debug|Any CPU.Build.0 = Debug|Any CPU
		{9432B271-B78E-4A1B-879B-94C227268335}.Release|Any CPU.ActiveCfg = Release|Any CPU
		{9432B271-B78E-4A1B-879B-94C227268335}.Release|Any CPU.Build.0 = Release|Any CPU
	EndGlobalSection
	GlobalSection(SolutionProperties) = preSolution
		HideSolutionNode = FALSE
	EndGlobalSection
	GlobalSection(ExtensibilityGlobals) = postSolution
		SolutionGuid = {B7C80216-7341-4F8C-A9FD-22F8544989BD}
	EndGlobalSection
EndGlobal
